
Microsoft Visual Studio Solution File, Format Version 12.00
# Visual Studio Version 16
VisualStudioVersion = 16.0.29519.181
MinimumVisualStudioVersion = 10.0.40219.1
Project("{2150E333-8FDC-42A3-9474-1A3956D46DE8}") = "src", "src", "{B70459E3-6539-4E50-B9EB-FD34F8C99205}"
EndProject
Project("{9A19103F-16F7-4668-BE54-9A1E7A4F7556}") = "Application", "Application\Application.csproj", "{BAC446BC-AF82-4646-9514-ADA10C4B6B80}"
EndProject
Project("{9A19103F-16F7-4668-BE54-9A1E7A4F7556}") = "Domain", "Domain\Domain.csproj", "{EC8C42F5-F6BE-49F7-87BB-7C298393AD96}"
EndProject
Project("{9A19103F-16F7-4668-BE54-9A1E7A4F7556}") = "Infrastructure", "Infrastructure\Infrastructure.csproj", "{48D82F4D-1ED7-480E-87DE-6D0D4B64852D}"
EndProject
Project("{9A19103F-16F7-4668-BE54-9A1E7A4F7556}") = "Persistence", "Persistence\Persistence.csproj", "{75FB68B2-E2BF-44AE-B790-791F9575F10C}"
EndProject
Project("{9A19103F-16F7-4668-BE54-9A1E7A4F7556}") = "VaccineCredential.Api", "VaccineCredential\VaccineCredential.Api.csproj", "{4D859AA3-0B5E-4127-98E5-A5D289E7A18C}"
EndProject
Project("{2150E333-8FDC-42A3-9474-1A3956D46DE8}") = "test", "test", "{AAED2E6A-955D-4F91-BB7B-E7A25D46D461}"
EndProject
Project("{9A19103F-16F7-4668-BE54-9A1E7A4F7556}") = "InfrastructureTests", "InfrastructureTests\InfrastructureTests.csproj", "{949C973C-4B89-4BBB-AEC5-8F313398089C}"
EndProject
Project("{9A19103F-16F7-4668-BE54-9A1E7A4F7556}") = "IntegrationTester", "IntegrationTester\IntegrationTester.csproj", "{EA474AC9-3781-4DB4-BDB6-70818577C5DB}"
EndProject
Project("{9A19103F-16F7-4668-BE54-9A1E7A4F7556}") = "ApplicationTests", "ApplicationTests\ApplicationTests.csproj", "{D67F0511-EAF5-459D-B901-6240A4EB74D1}"
EndProject
Project("{9A19103F-16F7-4668-BE54-9A1E7A4F7556}") = "CredentialServiceJob", "CredentialServiceJob\CredentialServiceJob.csproj", "{59CE851B-8B0D-419B-906E-58B5045EF88F}"
EndProject
Global
	GlobalSection(SolutionConfigurationPlatforms) = preSolution
		Debug|Any CPU = Debug|Any CPU
		Release|Any CPU = Release|Any CPU
	EndGlobalSection
	GlobalSection(ProjectConfigurationPlatforms) = postSolution
		{BAC446BC-AF82-4646-9514-ADA10C4B6B80}.Debug|Any CPU.ActiveCfg = Debug|Any CPU
		{BAC446BC-AF82-4646-9514-ADA10C4B6B80}.Debug|Any CPU.Build.0 = Debug|Any CPU
		{BAC446BC-AF82-4646-9514-ADA10C4B6B80}.Release|Any CPU.ActiveCfg = Release|Any CPU
		{BAC446BC-AF82-4646-9514-ADA10C4B6B80}.Release|Any CPU.Build.0 = Release|Any CPU
		{EC8C42F5-F6BE-49F7-87BB-7C298393AD96}.Debug|Any CPU.ActiveCfg = Debug|Any CPU
		{EC8C42F5-F6BE-49F7-87BB-7C298393AD96}.Debug|Any CPU.Build.0 = Debug|Any CPU
		{EC8C42F5-F6BE-49F7-87BB-7C298393AD96}.Release|Any CPU.ActiveCfg = Release|Any CPU
		{EC8C42F5-F6BE-49F7-87BB-7C298393AD96}.Release|Any CPU.Build.0 = Release|Any CPU
		{48D82F4D-1ED7-480E-87DE-6D0D4B64852D}.Debug|Any CPU.ActiveCfg = Debug|Any CPU
		{48D82F4D-1ED7-480E-87DE-6D0D4B64852D}.Debug|Any CPU.Build.0 = Debug|Any CPU
		{48D82F4D-1ED7-480E-87DE-6D0D4B64852D}.Release|Any CPU.ActiveCfg = Release|Any CPU
		{48D82F4D-1ED7-480E-87DE-6D0D4B64852D}.Release|Any CPU.Build.0 = Release|Any CPU
		{75FB68B2-E2BF-44AE-B790-791F9575F10C}.Debug|Any CPU.ActiveCfg = Debug|Any CPU
		{75FB68B2-E2BF-44AE-B790-791F9575F10C}.Debug|Any CPU.Build.0 = Debug|Any CPU
		{75FB68B2-E2BF-44AE-B790-791F9575F10C}.Release|Any CPU.ActiveCfg = Release|Any CPU
		{75FB68B2-E2BF-44AE-B790-791F9575F10C}.Release|Any CPU.Build.0 = Release|Any CPU
		{4D859AA3-0B5E-4127-98E5-A5D289E7A18C}.Debug|Any CPU.ActiveCfg = Debug|Any CPU
		{4D859AA3-0B5E-4127-98E5-A5D289E7A18C}.Debug|Any CPU.Build.0 = Debug|Any CPU
		{4D859AA3-0B5E-4127-98E5-A5D289E7A18C}.Release|Any CPU.ActiveCfg = Release|Any CPU
		{4D859AA3-0B5E-4127-98E5-A5D289E7A18C}.Release|Any CPU.Build.0 = Release|Any CPU
		{949C973C-4B89-4BBB-AEC5-8F313398089C}.Debug|Any CPU.ActiveCfg = Debug|Any CPU
		{949C973C-4B89-4BBB-AEC5-8F313398089C}.Debug|Any CPU.Build.0 = Debug|Any CPU
		{949C973C-4B89-4BBB-AEC5-8F313398089C}.Release|Any CPU.ActiveCfg = Release|Any CPU
		{949C973C-4B89-4BBB-AEC5-8F313398089C}.Release|Any CPU.Build.0 = Release|Any CPU
		{EA474AC9-3781-4DB4-BDB6-70818577C5DB}.Debug|Any CPU.ActiveCfg = Debug|Any CPU
		{EA474AC9-3781-4DB4-BDB6-70818577C5DB}.Debug|Any CPU.Build.0 = Debug|Any CPU
		{EA474AC9-3781-4DB4-BDB6-70818577C5DB}.Release|Any CPU.ActiveCfg = Release|Any CPU
		{EA474AC9-3781-4DB4-BDB6-70818577C5DB}.Release|Any CPU.Build.0 = Release|Any CPU
		{D67F0511-EAF5-459D-B901-6240A4EB74D1}.Debug|Any CPU.ActiveCfg = Debug|Any CPU
		{D67F0511-EAF5-459D-B901-6240A4EB74D1}.Debug|Any CPU.Build.0 = Debug|Any CPU
		{D67F0511-EAF5-459D-B901-6240A4EB74D1}.Release|Any CPU.ActiveCfg = Release|Any CPU
		{D67F0511-EAF5-459D-B901-6240A4EB74D1}.Release|Any CPU.Build.0 = Release|Any CPU
		{59CE851B-8B0D-419B-906E-58B5045EF88F}.Debug|Any CPU.ActiveCfg = Debug|Any CPU
		{59CE851B-8B0D-419B-906E-58B5045EF88F}.Debug|Any CPU.Build.0 = Debug|Any CPU
		{59CE851B-8B0D-419B-906E-58B5045EF88F}.Release|Any CPU.ActiveCfg = Release|Any CPU
		{59CE851B-8B0D-419B-906E-58B5045EF88F}.Release|Any CPU.Build.0 = Release|Any CPU
	EndGlobalSection
	GlobalSection(SolutionProperties) = preSolution
		HideSolutionNode = FALSE
	EndGlobalSection
	GlobalSection(NestedProjects) = preSolution
		{BAC446BC-AF82-4646-9514-ADA10C4B6B80} = {B70459E3-6539-4E50-B9EB-FD34F8C99205}
		{EC8C42F5-F6BE-49F7-87BB-7C298393AD96} = {B70459E3-6539-4E50-B9EB-FD34F8C99205}
		{48D82F4D-1ED7-480E-87DE-6D0D4B64852D} = {B70459E3-6539-4E50-B9EB-FD34F8C99205}
		{75FB68B2-E2BF-44AE-B790-791F9575F10C} = {B70459E3-6539-4E50-B9EB-FD34F8C99205}
		{4D859AA3-0B5E-4127-98E5-A5D289E7A18C} = {B70459E3-6539-4E50-B9EB-FD34F8C99205}
		{949C973C-4B89-4BBB-AEC5-8F313398089C} = {AAED2E6A-955D-4F91-BB7B-E7A25D46D461}
		{EA474AC9-3781-4DB4-BDB6-70818577C5DB} = {B70459E3-6539-4E50-B9EB-FD34F8C99205}
		{D67F0511-EAF5-459D-B901-6240A4EB74D1} = {AAED2E6A-955D-4F91-BB7B-E7A25D46D461}
		{59CE851B-8B0D-419B-906E-58B5045EF88F} = {B70459E3-6539-4E50-B9EB-FD34F8C99205}
	EndGlobalSection
	GlobalSection(ExtensibilityGlobals) = postSolution
		SolutionGuid = {8A92422C-DF79-4631-9592-6C9129B7BA25}
	EndGlobalSection
EndGlobal
